
Microsoft Visual Studio Solution File, Format Version 12.00
# Visual Studio 15
VisualStudioVersion = 15.0.26730.12
MinimumVisualStudioVersion = 10.0.40219.1
Project("{FAE04EC0-301F-11D3-BF4B-00C04F79EFBC}") = "01. Debit Card Number", "19Sept2017BasicSintax\01. Debit Card Number.csproj", "{FB47405D-9B56-4DAE-BED1-E48D68E72B46}"
EndProject
Project("{FAE04EC0-301F-11D3-BF4B-00C04F79EFBC}") = "02.Rectangle Area", "02.Rectangle Area\02.Rectangle Area.csproj", "{371DC71D-09C1-4E98-A56C-5DCF13BA3BA0}"
EndProject
Project("{FAE04EC0-301F-11D3-BF4B-00C04F79EFBC}") = "03.Miles to Kilometers", "03.Miles to Kilometers\03.Miles to Kilometers.csproj", "{0E4B5110-8165-420D-BFCA-8AB93F088C9B}"
EndProject
Project("{FAE04EC0-301F-11D3-BF4B-00C04F79EFBC}") = "04.Beverage Labels", "04.Beverage Labels\04.Beverage Labels.csproj", "{C5074A13-D66B-4629-84BF-F60E9CFF4ABC}"
EndProject
Project("{FAE04EC0-301F-11D3-BF4B-00C04F79EFBC}") = "05.CharacterStats", "05.CharacterStats\05.CharacterStats.csproj", "{75647281-CE95-4615-A6AF-A2062D88D6D8}"
EndProject
Global
	GlobalSection(SolutionConfigurationPlatforms) = preSolution
		Debug|Any CPU = Debug|Any CPU
		Release|Any CPU = Release|Any CPU
	EndGlobalSection
	GlobalSection(ProjectConfigurationPlatforms) = postSolution
		{FB47405D-9B56-4DAE-BED1-E48D68E72B46}.Debug|Any CPU.ActiveCfg = Debug|Any CPU
		{FB47405D-9B56-4DAE-BED1-E48D68E72B46}.Debug|Any CPU.Build.0 = Debug|Any CPU
		{FB47405D-9B56-4DAE-BED1-E48D68E72B46}.Release|Any CPU.ActiveCfg = Release|Any CPU
		{FB47405D-9B56-4DAE-BED1-E48D68E72B46}.Release|Any CPU.Build.0 = Release|Any CPU
		{371DC71D-09C1-4E98-A56C-5DCF13BA3BA0}.Debug|Any CPU.ActiveCfg = Debug|Any CPU
		{371DC71D-09C1-4E98-A56C-5DCF13BA3BA0}.Debug|Any CPU.Build.0 = Debug|Any CPU
		{371DC71D-09C1-4E98-A56C-5DCF13BA3BA0}.Release|Any CPU.ActiveCfg = Release|Any CPU
		{371DC71D-09C1-4E98-A56C-5DCF13BA3BA0}.Release|Any CPU.Build.0 = Release|Any CPU
		{0E4B5110-8165-420D-BFCA-8AB93F088C9B}.Debug|Any CPU.ActiveCfg = Debug|Any CPU
		{0E4B5110-8165-420D-BFCA-8AB93F088C9B}.Debug|Any CPU.Build.0 = Debug|Any CPU
		{0E4B5110-8165-420D-BFCA-8AB93F088C9B}.Release|Any CPU.ActiveCfg = Release|Any CPU
		{0E4B5110-8165-420D-BFCA-8AB93F088C9B}.Release|Any CPU.Build.0 = Release|Any CPU
		{C5074A13-D66B-4629-84BF-F60E9CFF4ABC}.Debug|Any CPU.ActiveCfg = Debug|Any CPU
		{C5074A13-D66B-4629-84BF-F60E9CFF4ABC}.Debug|Any CPU.Build.0 = Debug|Any CPU
		{C5074A13-D66B-4629-84BF-F60E9CFF4ABC}.Release|Any CPU.ActiveCfg = Release|Any CPU
		{C5074A13-D66B-4629-84BF-F60E9CFF4ABC}.Release|Any CPU.Build.0 = Release|Any CPU
		{75647281-CE95-4615-A6AF-A2062D88D6D8}.Debug|Any CPU.ActiveCfg = Debug|Any CPU
		{75647281-CE95-4615-A6AF-A2062D88D6D8}.Debug|Any CPU.Build.0 = Debug|Any CPU
		{75647281-CE95-4615-A6AF-A2062D88D6D8}.Release|Any CPU.ActiveCfg = Release|Any CPU
		{75647281-CE95-4615-A6AF-A2062D88D6D8}.Release|Any CPU.Build.0 = Release|Any CPU
	EndGlobalSection
	GlobalSection(SolutionProperties) = preSolution
		HideSolutionNode = FALSE
	EndGlobalSection
	GlobalSection(ExtensibilityGlobals) = postSolution
		SolutionGuid = {3483D6B4-255A-4267-BBB4-84ECD3FD55DD}
	EndGlobalSection
EndGlobal
