
Microsoft Visual Studio Solution File, Format Version 12.00
# Visual Studio 15
VisualStudioVersion = 15.0.26730.12
MinimumVisualStudioVersion = 10.0.40219.1
Project("{FAE04EC0-301F-11D3-BF4B-00C04F79EFBC}") = "p02.ChooseADrink2.0", "p02.ChooseADrink2.0\p02.ChooseADrink2.0.csproj", "{34271F68-3DB8-4CA7-8A1A-9F28208C36E6}"
EndProject
Project("{FAE04EC0-301F-11D3-BF4B-00C04F79EFBC}") = "p03.RestaurantDiscount", "p03.RestaurantDiscount\p03.RestaurantDiscount.csproj", "{A41F1D21-F450-48A6-882B-401BEEFA94E0}"
EndProject
Project("{FAE04EC0-301F-11D3-BF4B-00C04F79EFBC}") = "p04.Hotel", "p04.Hotel\p04.Hotel.csproj", "{C1874618-F775-44A5-94D9-6BB7A955D9CF}"
EndProject
Project("{FAE04EC0-301F-11D3-BF4B-00C04F79EFBC}") = "p05.WordInPlural", "p05.WordInPlural\p05.WordInPlural.csproj", "{8E4DDCE6-4415-4C5D-8BE0-F716ECC54FD2}"
EndProject
Project("{FAE04EC0-301F-11D3-BF4B-00C04F79EFBC}") = "p06 IntervalOfNumbers", "p06 IntervalOfNumbers\p06 IntervalOfNumbers.csproj", "{550A701F-AF0B-4170-8DF9-D30603C0F563}"
EndProject
Project("{FAE04EC0-301F-11D3-BF4B-00C04F79EFBC}") = "p07.CakeIngredients", "p07.CakeIngredients\p07.CakeIngredients.csproj", "{7FE3CF37-CCFF-41A9-A1E5-E3EE83C1B431}"
EndProject
Project("{FAE04EC0-301F-11D3-BF4B-00C04F79EFBC}") = "p08.CaloriesCounter", "p08.CaloriesCounter\p08.CaloriesCounter.csproj", "{896324E2-442C-4297-952C-1DF4D984BE44}"
EndProject
Project("{FAE04EC0-301F-11D3-BF4B-00C04F79EFBC}") = "p09.CountTheIntegers", "p09.CountTheIntegers\p09.CountTheIntegers.csproj", "{963DFF3D-47A3-476F-8E3A-A39C5EBAFA37}"
EndProject
Project("{FAE04EC0-301F-11D3-BF4B-00C04F79EFBC}") = "p10.TriangleOfNumbers", "p10.TriangleOfNumbers\p10.TriangleOfNumbers.csproj", "{7EC896E6-CCEF-4007-936E-A8BEF967AFEE}"
EndProject
Project("{FAE04EC0-301F-11D3-BF4B-00C04F79EFBC}") = "p11.5DifferentNumbers", "p11.5DifferentNumbers\p11.5DifferentNumbers.csproj", "{80232129-CC36-4328-A2C2-883BC4F6E7A3}"
EndProject
Project("{FAE04EC0-301F-11D3-BF4B-00C04F79EFBC}") = "p12.TestNumbers", "p12.TestNumbers\p12.TestNumbers.csproj", "{FFE8F6DF-5096-4B44-BDD0-90669C3328EC}"
EndProject
Project("{FAE04EC0-301F-11D3-BF4B-00C04F79EFBC}") = "p13.GameOfNumbers", "p13.GameOfNumbers\p13.GameOfNumbers.csproj", "{30C8CBBB-6CDF-4BF5-B184-E011AA376820}"
EndProject
Project("{FAE04EC0-301F-11D3-BF4B-00C04F79EFBC}") = "p14.MagicLetter", "p14.MagicLetter\p14.MagicLetter.csproj", "{E194D59F-ECF4-4B04-A4AC-D0FBDB87F8CB}"
EndProject
Project("{FAE04EC0-301F-11D3-BF4B-00C04F79EFBC}") = "p15.NeighbourWars", "p15.NeighbourWars\p15.NeighbourWars.csproj", "{542DB4D8-F06D-4D10-A802-3E152F6B2ED4}"
EndProject
Project("{FAE04EC0-301F-11D3-BF4B-00C04F79EFBC}") = "p01_ChooseADrink", "p01_ChooseADrink\p01_ChooseADrink.csproj", "{F60BF570-9357-4652-981B-BA5EB1CDE625}"
EndProject
Global
	GlobalSection(SolutionConfigurationPlatforms) = preSolution
		Debug|Any CPU = Debug|Any CPU
		Release|Any CPU = Release|Any CPU
	EndGlobalSection
	GlobalSection(ProjectConfigurationPlatforms) = postSolution
		{34271F68-3DB8-4CA7-8A1A-9F28208C36E6}.Debug|Any CPU.ActiveCfg = Debug|Any CPU
		{34271F68-3DB8-4CA7-8A1A-9F28208C36E6}.Debug|Any CPU.Build.0 = Debug|Any CPU
		{34271F68-3DB8-4CA7-8A1A-9F28208C36E6}.Release|Any CPU.ActiveCfg = Release|Any CPU
		{34271F68-3DB8-4CA7-8A1A-9F28208C36E6}.Release|Any CPU.Build.0 = Release|Any CPU
		{A41F1D21-F450-48A6-882B-401BEEFA94E0}.Debug|Any CPU.ActiveCfg = Debug|Any CPU
		{A41F1D21-F450-48A6-882B-401BEEFA94E0}.Debug|Any CPU.Build.0 = Debug|Any CPU
		{A41F1D21-F450-48A6-882B-401BEEFA94E0}.Release|Any CPU.ActiveCfg = Release|Any CPU
		{A41F1D21-F450-48A6-882B-401BEEFA94E0}.Release|Any CPU.Build.0 = Release|Any CPU
		{C1874618-F775-44A5-94D9-6BB7A955D9CF}.Debug|Any CPU.ActiveCfg = Debug|Any CPU
		{C1874618-F775-44A5-94D9-6BB7A955D9CF}.Debug|Any CPU.Build.0 = Debug|Any CPU
		{C1874618-F775-44A5-94D9-6BB7A955D9CF}.Release|Any CPU.ActiveCfg = Release|Any CPU
		{C1874618-F775-44A5-94D9-6BB7A955D9CF}.Release|Any CPU.Build.0 = Release|Any CPU
		{8E4DDCE6-4415-4C5D-8BE0-F716ECC54FD2}.Debug|Any CPU.ActiveCfg = Debug|Any CPU
		{8E4DDCE6-4415-4C5D-8BE0-F716ECC54FD2}.Debug|Any CPU.Build.0 = Debug|Any CPU
		{8E4DDCE6-4415-4C5D-8BE0-F716ECC54FD2}.Release|Any CPU.ActiveCfg = Release|Any CPU
		{8E4DDCE6-4415-4C5D-8BE0-F716ECC54FD2}.Release|Any CPU.Build.0 = Release|Any CPU
		{550A701F-AF0B-4170-8DF9-D30603C0F563}.Debug|Any CPU.ActiveCfg = Debug|Any CPU
		{550A701F-AF0B-4170-8DF9-D30603C0F563}.Debug|Any CPU.Build.0 = Debug|Any CPU
		{550A701F-AF0B-4170-8DF9-D30603C0F563}.Release|Any CPU.ActiveCfg = Release|Any CPU
		{550A701F-AF0B-4170-8DF9-D30603C0F563}.Release|Any CPU.Build.0 = Release|Any CPU
		{7FE3CF37-CCFF-41A9-A1E5-E3EE83C1B431}.Debug|Any CPU.ActiveCfg = Debug|Any CPU
		{7FE3CF37-CCFF-41A9-A1E5-E3EE83C1B431}.Debug|Any CPU.Build.0 = Debug|Any CPU
		{7FE3CF37-CCFF-41A9-A1E5-E3EE83C1B431}.Release|Any CPU.ActiveCfg = Release|Any CPU
		{7FE3CF37-CCFF-41A9-A1E5-E3EE83C1B431}.Release|Any CPU.Build.0 = Release|Any CPU
		{896324E2-442C-4297-952C-1DF4D984BE44}.Debug|Any CPU.ActiveCfg = Debug|Any CPU
		{896324E2-442C-4297-952C-1DF4D984BE44}.Debug|Any CPU.Build.0 = Debug|Any CPU
		{896324E2-442C-4297-952C-1DF4D984BE44}.Release|Any CPU.ActiveCfg = Release|Any CPU
		{896324E2-442C-4297-952C-1DF4D984BE44}.Release|Any CPU.Build.0 = Release|Any CPU
		{963DFF3D-47A3-476F-8E3A-A39C5EBAFA37}.Debug|Any CPU.ActiveCfg = Debug|Any CPU
		{963DFF3D-47A3-476F-8E3A-A39C5EBAFA37}.Debug|Any CPU.Build.0 = Debug|Any CPU
		{963DFF3D-47A3-476F-8E3A-A39C5EBAFA37}.Release|Any CPU.ActiveCfg = Release|Any CPU
		{963DFF3D-47A3-476F-8E3A-A39C5EBAFA37}.Release|Any CPU.Build.0 = Release|Any CPU
		{7EC896E6-CCEF-4007-936E-A8BEF967AFEE}.Debug|Any CPU.ActiveCfg = Debug|Any CPU
		{7EC896E6-CCEF-4007-936E-A8BEF967AFEE}.Debug|Any CPU.Build.0 = Debug|Any CPU
		{7EC896E6-CCEF-4007-936E-A8BEF967AFEE}.Release|Any CPU.ActiveCfg = Release|Any CPU
		{7EC896E6-CCEF-4007-936E-A8BEF967AFEE}.Release|Any CPU.Build.0 = Release|Any CPU
		{80232129-CC36-4328-A2C2-883BC4F6E7A3}.Debug|Any CPU.ActiveCfg = Debug|Any CPU
		{80232129-CC36-4328-A2C2-883BC4F6E7A3}.Debug|Any CPU.Build.0 = Debug|Any CPU
		{80232129-CC36-4328-A2C2-883BC4F6E7A3}.Release|Any CPU.ActiveCfg = Release|Any CPU
		{80232129-CC36-4328-A2C2-883BC4F6E7A3}.Release|Any CPU.Build.0 = Release|Any CPU
		{FFE8F6DF-5096-4B44-BDD0-90669C3328EC}.Debug|Any CPU.ActiveCfg = Debug|Any CPU
		{FFE8F6DF-5096-4B44-BDD0-90669C3328EC}.Debug|Any CPU.Build.0 = Debug|Any CPU
		{FFE8F6DF-5096-4B44-BDD0-90669C3328EC}.Release|Any CPU.ActiveCfg = Release|Any CPU
		{FFE8F6DF-5096-4B44-BDD0-90669C3328EC}.Release|Any CPU.Build.0 = Release|Any CPU
		{30C8CBBB-6CDF-4BF5-B184-E011AA376820}.Debug|Any CPU.ActiveCfg = Debug|Any CPU
		{30C8CBBB-6CDF-4BF5-B184-E011AA376820}.Debug|Any CPU.Build.0 = Debug|Any CPU
		{30C8CBBB-6CDF-4BF5-B184-E011AA376820}.Release|Any CPU.ActiveCfg = Release|Any CPU
		{30C8CBBB-6CDF-4BF5-B184-E011AA376820}.Release|Any CPU.Build.0 = Release|Any CPU
		{E194D59F-ECF4-4B04-A4AC-D0FBDB87F8CB}.Debug|Any CPU.ActiveCfg = Debug|Any CPU
		{E194D59F-ECF4-4B04-A4AC-D0FBDB87F8CB}.Debug|Any CPU.Build.0 = Debug|Any CPU
		{E194D59F-ECF4-4B04-A4AC-D0FBDB87F8CB}.Release|Any CPU.ActiveCfg = Release|Any CPU
		{E194D59F-ECF4-4B04-A4AC-D0FBDB87F8CB}.Release|Any CPU.Build.0 = Release|Any CPU
		{542DB4D8-F06D-4D10-A802-3E152F6B2ED4}.Debug|Any CPU.ActiveCfg = Debug|Any CPU
		{542DB4D8-F06D-4D10-A802-3E152F6B2ED4}.Debug|Any CPU.Build.0 = Debug|Any CPU
		{542DB4D8-F06D-4D10-A802-3E152F6B2ED4}.Release|Any CPU.ActiveCfg = Release|Any CPU
		{542DB4D8-F06D-4D10-A802-3E152F6B2ED4}.Release|Any CPU.Build.0 = Release|Any CPU
		{F60BF570-9357-4652-981B-BA5EB1CDE625}.Debug|Any CPU.ActiveCfg = Debug|Any CPU
		{F60BF570-9357-4652-981B-BA5EB1CDE625}.Debug|Any CPU.Build.0 = Debug|Any CPU
		{F60BF570-9357-4652-981B-BA5EB1CDE625}.Release|Any CPU.ActiveCfg = Release|Any CPU
		{F60BF570-9357-4652-981B-BA5EB1CDE625}.Release|Any CPU.Build.0 = Release|Any CPU
	EndGlobalSection
	GlobalSection(SolutionProperties) = preSolution
		HideSolutionNode = FALSE
	EndGlobalSection
	GlobalSection(ExtensibilityGlobals) = postSolution
		SolutionGuid = {151DF7F2-696F-44CA-832F-1C48964CC5F6}
	EndGlobalSection
EndGlobal
