
Microsoft Visual Studio Solution File, Format Version 12.00
# Visual Studio 15
VisualStudioVersion = 15.0.27703.2000
MinimumVisualStudioVersion = 10.0.40219.1
Project("{FAE04EC0-301F-11D3-BF4B-00C04F79EFBC}") = "p00.Test", "Test\p00.Test.csproj", "{A382ECDA-DB16-455A-A028-224B598942C4}"
EndProject
Project("{FAE04EC0-301F-11D3-BF4B-00C04F79EFBC}") = "p01.InitialSetup", "p01.InitialSetup\p01.InitialSetup.csproj", "{8085D11B-1AE1-4C54-A88C-AB5F227D846E}"
EndProject
Project("{FAE04EC0-301F-11D3-BF4B-00C04F79EFBC}") = "p02.VillainNames", "p02.VillainNames\p02.VillainNames.csproj", "{BEA8748E-9CA6-4CC9-8BBA-73447D49FC2B}"
EndProject
Project("{FAE04EC0-301F-11D3-BF4B-00C04F79EFBC}") = "p03.MinionNames", "p03.MinionNames\p03.MinionNames.csproj", "{F0FFE72C-1024-4231-B995-24527E8CFAF3}"
EndProject
Project("{FAE04EC0-301F-11D3-BF4B-00C04F79EFBC}") = "p04.AddMinion", "p04.AddMinion\p04.AddMinion.csproj", "{768EE2E8-B17C-42DC-AB6B-87FDC1743DDC}"
EndProject
Project("{FAE04EC0-301F-11D3-BF4B-00C04F79EFBC}") = "p05.ChangeTownNamesCasing", "p05.ChangeTownNamesCasing\p05.ChangeTownNamesCasing.csproj", "{B119E58C-2408-438E-A47B-2706CB6D19BC}"
EndProject
Project("{FAE04EC0-301F-11D3-BF4B-00C04F79EFBC}") = "p06.RemoveVillain", "p06.RemoveVillain\p06.RemoveVillain.csproj", "{F197123A-02D0-4077-8D20-84FAB75A3581}"
EndProject
Project("{FAE04EC0-301F-11D3-BF4B-00C04F79EFBC}") = "p07.PrintAllMinionNames", "p07.PrintAllMinionNames\p07.PrintAllMinionNames.csproj", "{8C0E1F30-7156-4756-B927-E4E7B1A5B236}"
EndProject
Project("{FAE04EC0-301F-11D3-BF4B-00C04F79EFBC}") = "p08.IncreaseMinionAge", "p08.IncreaseMinionAge\p08.IncreaseMinionAge.csproj", "{93D6C38B-9912-404D-85DD-D7A47A1F6929}"
EndProject
Global
	GlobalSection(SolutionConfigurationPlatforms) = preSolution
		Debug|Any CPU = Debug|Any CPU
		Debug|ARM = Debug|ARM
		Debug|x64 = Debug|x64
		Debug|x86 = Debug|x86
		Release|Any CPU = Release|Any CPU
		Release|ARM = Release|ARM
		Release|x64 = Release|x64
		Release|x86 = Release|x86
	EndGlobalSection
	GlobalSection(ProjectConfigurationPlatforms) = postSolution
		{A382ECDA-DB16-455A-A028-224B598942C4}.Debug|Any CPU.ActiveCfg = Debug|Any CPU
		{A382ECDA-DB16-455A-A028-224B598942C4}.Debug|Any CPU.Build.0 = Debug|Any CPU
		{A382ECDA-DB16-455A-A028-224B598942C4}.Debug|ARM.ActiveCfg = Debug|Any CPU
		{A382ECDA-DB16-455A-A028-224B598942C4}.Debug|ARM.Build.0 = Debug|Any CPU
		{A382ECDA-DB16-455A-A028-224B598942C4}.Debug|x64.ActiveCfg = Debug|Any CPU
		{A382ECDA-DB16-455A-A028-224B598942C4}.Debug|x64.Build.0 = Debug|Any CPU
		{A382ECDA-DB16-455A-A028-224B598942C4}.Debug|x86.ActiveCfg = Debug|Any CPU
		{A382ECDA-DB16-455A-A028-224B598942C4}.Debug|x86.Build.0 = Debug|Any CPU
		{A382ECDA-DB16-455A-A028-224B598942C4}.Release|Any CPU.ActiveCfg = Release|Any CPU
		{A382ECDA-DB16-455A-A028-224B598942C4}.Release|Any CPU.Build.0 = Release|Any CPU
		{A382ECDA-DB16-455A-A028-224B598942C4}.Release|ARM.ActiveCfg = Release|Any CPU
		{A382ECDA-DB16-455A-A028-224B598942C4}.Release|ARM.Build.0 = Release|Any CPU
		{A382ECDA-DB16-455A-A028-224B598942C4}.Release|x64.ActiveCfg = Release|Any CPU
		{A382ECDA-DB16-455A-A028-224B598942C4}.Release|x64.Build.0 = Release|Any CPU
		{A382ECDA-DB16-455A-A028-224B598942C4}.Release|x86.ActiveCfg = Release|Any CPU
		{A382ECDA-DB16-455A-A028-224B598942C4}.Release|x86.Build.0 = Release|Any CPU
		{8085D11B-1AE1-4C54-A88C-AB5F227D846E}.Debug|Any CPU.ActiveCfg = Debug|Any CPU
		{8085D11B-1AE1-4C54-A88C-AB5F227D846E}.Debug|Any CPU.Build.0 = Debug|Any CPU
		{8085D11B-1AE1-4C54-A88C-AB5F227D846E}.Debug|ARM.ActiveCfg = Debug|Any CPU
		{8085D11B-1AE1-4C54-A88C-AB5F227D846E}.Debug|ARM.Build.0 = Debug|Any CPU
		{8085D11B-1AE1-4C54-A88C-AB5F227D846E}.Debug|x64.ActiveCfg = Debug|Any CPU
		{8085D11B-1AE1-4C54-A88C-AB5F227D846E}.Debug|x64.Build.0 = Debug|Any CPU
		{8085D11B-1AE1-4C54-A88C-AB5F227D846E}.Debug|x86.ActiveCfg = Debug|Any CPU
		{8085D11B-1AE1-4C54-A88C-AB5F227D846E}.Debug|x86.Build.0 = Debug|Any CPU
		{8085D11B-1AE1-4C54-A88C-AB5F227D846E}.Release|Any CPU.ActiveCfg = Release|Any CPU
		{8085D11B-1AE1-4C54-A88C-AB5F227D846E}.Release|Any CPU.Build.0 = Release|Any CPU
		{8085D11B-1AE1-4C54-A88C-AB5F227D846E}.Release|ARM.ActiveCfg = Release|Any CPU
		{8085D11B-1AE1-4C54-A88C-AB5F227D846E}.Release|ARM.Build.0 = Release|Any CPU
		{8085D11B-1AE1-4C54-A88C-AB5F227D846E}.Release|x64.ActiveCfg = Release|Any CPU
		{8085D11B-1AE1-4C54-A88C-AB5F227D846E}.Release|x64.Build.0 = Release|Any CPU
		{8085D11B-1AE1-4C54-A88C-AB5F227D846E}.Release|x86.ActiveCfg = Release|Any CPU
		{8085D11B-1AE1-4C54-A88C-AB5F227D846E}.Release|x86.Build.0 = Release|Any CPU
		{BEA8748E-9CA6-4CC9-8BBA-73447D49FC2B}.Debug|Any CPU.ActiveCfg = Debug|Any CPU
		{BEA8748E-9CA6-4CC9-8BBA-73447D49FC2B}.Debug|Any CPU.Build.0 = Debug|Any CPU
		{BEA8748E-9CA6-4CC9-8BBA-73447D49FC2B}.Debug|ARM.ActiveCfg = Debug|Any CPU
		{BEA8748E-9CA6-4CC9-8BBA-73447D49FC2B}.Debug|ARM.Build.0 = Debug|Any CPU
		{BEA8748E-9CA6-4CC9-8BBA-73447D49FC2B}.Debug|x64.ActiveCfg = Debug|Any CPU
		{BEA8748E-9CA6-4CC9-8BBA-73447D49FC2B}.Debug|x64.Build.0 = Debug|Any CPU
		{BEA8748E-9CA6-4CC9-8BBA-73447D49FC2B}.Debug|x86.ActiveCfg = Debug|Any CPU
		{BEA8748E-9CA6-4CC9-8BBA-73447D49FC2B}.Debug|x86.Build.0 = Debug|Any CPU
		{BEA8748E-9CA6-4CC9-8BBA-73447D49FC2B}.Release|Any CPU.ActiveCfg = Release|Any CPU
		{BEA8748E-9CA6-4CC9-8BBA-73447D49FC2B}.Release|Any CPU.Build.0 = Release|Any CPU
		{BEA8748E-9CA6-4CC9-8BBA-73447D49FC2B}.Release|ARM.ActiveCfg = Release|Any CPU
		{BEA8748E-9CA6-4CC9-8BBA-73447D49FC2B}.Release|ARM.Build.0 = Release|Any CPU
		{BEA8748E-9CA6-4CC9-8BBA-73447D49FC2B}.Release|x64.ActiveCfg = Release|Any CPU
		{BEA8748E-9CA6-4CC9-8BBA-73447D49FC2B}.Release|x64.Build.0 = Release|Any CPU
		{BEA8748E-9CA6-4CC9-8BBA-73447D49FC2B}.Release|x86.ActiveCfg = Release|Any CPU
		{BEA8748E-9CA6-4CC9-8BBA-73447D49FC2B}.Release|x86.Build.0 = Release|Any CPU
		{F0FFE72C-1024-4231-B995-24527E8CFAF3}.Debug|Any CPU.ActiveCfg = Debug|Any CPU
		{F0FFE72C-1024-4231-B995-24527E8CFAF3}.Debug|Any CPU.Build.0 = Debug|Any CPU
		{F0FFE72C-1024-4231-B995-24527E8CFAF3}.Debug|ARM.ActiveCfg = Debug|Any CPU
		{F0FFE72C-1024-4231-B995-24527E8CFAF3}.Debug|ARM.Build.0 = Debug|Any CPU
		{F0FFE72C-1024-4231-B995-24527E8CFAF3}.Debug|x64.ActiveCfg = Debug|Any CPU
		{F0FFE72C-1024-4231-B995-24527E8CFAF3}.Debug|x64.Build.0 = Debug|Any CPU
		{F0FFE72C-1024-4231-B995-24527E8CFAF3}.Debug|x86.ActiveCfg = Debug|Any CPU
		{F0FFE72C-1024-4231-B995-24527E8CFAF3}.Debug|x86.Build.0 = Debug|Any CPU
		{F0FFE72C-1024-4231-B995-24527E8CFAF3}.Release|Any CPU.ActiveCfg = Release|Any CPU
		{F0FFE72C-1024-4231-B995-24527E8CFAF3}.Release|Any CPU.Build.0 = Release|Any CPU
		{F0FFE72C-1024-4231-B995-24527E8CFAF3}.Release|ARM.ActiveCfg = Release|Any CPU
		{F0FFE72C-1024-4231-B995-24527E8CFAF3}.Release|ARM.Build.0 = Release|Any CPU
		{F0FFE72C-1024-4231-B995-24527E8CFAF3}.Release|x64.ActiveCfg = Release|Any CPU
		{F0FFE72C-1024-4231-B995-24527E8CFAF3}.Release|x64.Build.0 = Release|Any CPU
		{F0FFE72C-1024-4231-B995-24527E8CFAF3}.Release|x86.ActiveCfg = Release|Any CPU
		{F0FFE72C-1024-4231-B995-24527E8CFAF3}.Release|x86.Build.0 = Release|Any CPU
		{768EE2E8-B17C-42DC-AB6B-87FDC1743DDC}.Debug|Any CPU.ActiveCfg = Debug|Any CPU
		{768EE2E8-B17C-42DC-AB6B-87FDC1743DDC}.Debug|Any CPU.Build.0 = Debug|Any CPU
		{768EE2E8-B17C-42DC-AB6B-87FDC1743DDC}.Debug|ARM.ActiveCfg = Debug|Any CPU
		{768EE2E8-B17C-42DC-AB6B-87FDC1743DDC}.Debug|ARM.Build.0 = Debug|Any CPU
		{768EE2E8-B17C-42DC-AB6B-87FDC1743DDC}.Debug|x64.ActiveCfg = Debug|Any CPU
		{768EE2E8-B17C-42DC-AB6B-87FDC1743DDC}.Debug|x64.Build.0 = Debug|Any CPU
		{768EE2E8-B17C-42DC-AB6B-87FDC1743DDC}.Debug|x86.ActiveCfg = Debug|Any CPU
		{768EE2E8-B17C-42DC-AB6B-87FDC1743DDC}.Debug|x86.Build.0 = Debug|Any CPU
		{768EE2E8-B17C-42DC-AB6B-87FDC1743DDC}.Release|Any CPU.ActiveCfg = Release|Any CPU
		{768EE2E8-B17C-42DC-AB6B-87FDC1743DDC}.Release|Any CPU.Build.0 = Release|Any CPU
		{768EE2E8-B17C-42DC-AB6B-87FDC1743DDC}.Release|ARM.ActiveCfg = Release|Any CPU
		{768EE2E8-B17C-42DC-AB6B-87FDC1743DDC}.Release|ARM.Build.0 = Release|Any CPU
		{768EE2E8-B17C-42DC-AB6B-87FDC1743DDC}.Release|x64.ActiveCfg = Release|Any CPU
		{768EE2E8-B17C-42DC-AB6B-87FDC1743DDC}.Release|x64.Build.0 = Release|Any CPU
		{768EE2E8-B17C-42DC-AB6B-87FDC1743DDC}.Release|x86.ActiveCfg = Release|Any CPU
		{768EE2E8-B17C-42DC-AB6B-87FDC1743DDC}.Release|x86.Build.0 = Release|Any CPU
		{B119E58C-2408-438E-A47B-2706CB6D19BC}.Debug|Any CPU.ActiveCfg = Debug|Any CPU
		{B119E58C-2408-438E-A47B-2706CB6D19BC}.Debug|Any CPU.Build.0 = Debug|Any CPU
		{B119E58C-2408-438E-A47B-2706CB6D19BC}.Debug|ARM.ActiveCfg = Debug|Any CPU
		{B119E58C-2408-438E-A47B-2706CB6D19BC}.Debug|ARM.Build.0 = Debug|Any CPU
		{B119E58C-2408-438E-A47B-2706CB6D19BC}.Debug|x64.ActiveCfg = Debug|Any CPU
		{B119E58C-2408-438E-A47B-2706CB6D19BC}.Debug|x64.Build.0 = Debug|Any CPU
		{B119E58C-2408-438E-A47B-2706CB6D19BC}.Debug|x86.ActiveCfg = Debug|Any CPU
		{B119E58C-2408-438E-A47B-2706CB6D19BC}.Debug|x86.Build.0 = Debug|Any CPU
		{B119E58C-2408-438E-A47B-2706CB6D19BC}.Release|Any CPU.ActiveCfg = Release|Any CPU
		{B119E58C-2408-438E-A47B-2706CB6D19BC}.Release|Any CPU.Build.0 = Release|Any CPU
		{B119E58C-2408-438E-A47B-2706CB6D19BC}.Release|ARM.ActiveCfg = Release|Any CPU
		{B119E58C-2408-438E-A47B-2706CB6D19BC}.Release|ARM.Build.0 = Release|Any CPU
		{B119E58C-2408-438E-A47B-2706CB6D19BC}.Release|x64.ActiveCfg = Release|Any CPU
		{B119E58C-2408-438E-A47B-2706CB6D19BC}.Release|x64.Build.0 = Release|Any CPU
		{B119E58C-2408-438E-A47B-2706CB6D19BC}.Release|x86.ActiveCfg = Release|Any CPU
		{B119E58C-2408-438E-A47B-2706CB6D19BC}.Release|x86.Build.0 = Release|Any CPU
		{F197123A-02D0-4077-8D20-84FAB75A3581}.Debug|Any CPU.ActiveCfg = Debug|Any CPU
		{F197123A-02D0-4077-8D20-84FAB75A3581}.Debug|Any CPU.Build.0 = Debug|Any CPU
		{F197123A-02D0-4077-8D20-84FAB75A3581}.Debug|ARM.ActiveCfg = Debug|Any CPU
		{F197123A-02D0-4077-8D20-84FAB75A3581}.Debug|ARM.Build.0 = Debug|Any CPU
		{F197123A-02D0-4077-8D20-84FAB75A3581}.Debug|x64.ActiveCfg = Debug|Any CPU
		{F197123A-02D0-4077-8D20-84FAB75A3581}.Debug|x64.Build.0 = Debug|Any CPU
		{F197123A-02D0-4077-8D20-84FAB75A3581}.Debug|x86.ActiveCfg = Debug|Any CPU
		{F197123A-02D0-4077-8D20-84FAB75A3581}.Debug|x86.Build.0 = Debug|Any CPU
		{F197123A-02D0-4077-8D20-84FAB75A3581}.Release|Any CPU.ActiveCfg = Release|Any CPU
		{F197123A-02D0-4077-8D20-84FAB75A3581}.Release|Any CPU.Build.0 = Release|Any CPU
		{F197123A-02D0-4077-8D20-84FAB75A3581}.Release|ARM.ActiveCfg = Release|Any CPU
		{F197123A-02D0-4077-8D20-84FAB75A3581}.Release|ARM.Build.0 = Release|Any CPU
		{F197123A-02D0-4077-8D20-84FAB75A3581}.Release|x64.ActiveCfg = Release|Any CPU
		{F197123A-02D0-4077-8D20-84FAB75A3581}.Release|x64.Build.0 = Release|Any CPU
		{F197123A-02D0-4077-8D20-84FAB75A3581}.Release|x86.ActiveCfg = Release|Any CPU
		{F197123A-02D0-4077-8D20-84FAB75A3581}.Release|x86.Build.0 = Release|Any CPU
		{8C0E1F30-7156-4756-B927-E4E7B1A5B236}.Debug|Any CPU.ActiveCfg = Debug|Any CPU
		{8C0E1F30-7156-4756-B927-E4E7B1A5B236}.Debug|Any CPU.Build.0 = Debug|Any CPU
		{8C0E1F30-7156-4756-B927-E4E7B1A5B236}.Debug|ARM.ActiveCfg = Debug|Any CPU
		{8C0E1F30-7156-4756-B927-E4E7B1A5B236}.Debug|ARM.Build.0 = Debug|Any CPU
		{8C0E1F30-7156-4756-B927-E4E7B1A5B236}.Debug|x64.ActiveCfg = Debug|Any CPU
		{8C0E1F30-7156-4756-B927-E4E7B1A5B236}.Debug|x64.Build.0 = Debug|Any CPU
		{8C0E1F30-7156-4756-B927-E4E7B1A5B236}.Debug|x86.ActiveCfg = Debug|Any CPU
		{8C0E1F30-7156-4756-B927-E4E7B1A5B236}.Debug|x86.Build.0 = Debug|Any CPU
		{8C0E1F30-7156-4756-B927-E4E7B1A5B236}.Release|Any CPU.ActiveCfg = Release|Any CPU
		{8C0E1F30-7156-4756-B927-E4E7B1A5B236}.Release|Any CPU.Build.0 = Release|Any CPU
		{8C0E1F30-7156-4756-B927-E4E7B1A5B236}.Release|ARM.ActiveCfg = Release|Any CPU
		{8C0E1F30-7156-4756-B927-E4E7B1A5B236}.Release|ARM.Build.0 = Release|Any CPU
		{8C0E1F30-7156-4756-B927-E4E7B1A5B236}.Release|x64.ActiveCfg = Release|Any CPU
		{8C0E1F30-7156-4756-B927-E4E7B1A5B236}.Release|x64.Build.0 = Release|Any CPU
		{8C0E1F30-7156-4756-B927-E4E7B1A5B236}.Release|x86.ActiveCfg = Release|Any CPU
		{8C0E1F30-7156-4756-B927-E4E7B1A5B236}.Release|x86.Build.0 = Release|Any CPU
		{93D6C38B-9912-404D-85DD-D7A47A1F6929}.Debug|Any CPU.ActiveCfg = Debug|Any CPU
		{93D6C38B-9912-404D-85DD-D7A47A1F6929}.Debug|Any CPU.Build.0 = Debug|Any CPU
		{93D6C38B-9912-404D-85DD-D7A47A1F6929}.Debug|ARM.ActiveCfg = Debug|Any CPU
		{93D6C38B-9912-404D-85DD-D7A47A1F6929}.Debug|ARM.Build.0 = Debug|Any CPU
		{93D6C38B-9912-404D-85DD-D7A47A1F6929}.Debug|x64.ActiveCfg = Debug|Any CPU
		{93D6C38B-9912-404D-85DD-D7A47A1F6929}.Debug|x64.Build.0 = Debug|Any CPU
		{93D6C38B-9912-404D-85DD-D7A47A1F6929}.Debug|x86.ActiveCfg = Debug|Any CPU
		{93D6C38B-9912-404D-85DD-D7A47A1F6929}.Debug|x86.Build.0 = Debug|Any CPU
		{93D6C38B-9912-404D-85DD-D7A47A1F6929}.Release|Any CPU.ActiveCfg = Release|Any CPU
		{93D6C38B-9912-404D-85DD-D7A47A1F6929}.Release|Any CPU.Build.0 = Release|Any CPU
		{93D6C38B-9912-404D-85DD-D7A47A1F6929}.Release|ARM.ActiveCfg = Release|Any CPU
		{93D6C38B-9912-404D-85DD-D7A47A1F6929}.Release|ARM.Build.0 = Release|Any CPU
		{93D6C38B-9912-404D-85DD-D7A47A1F6929}.Release|x64.ActiveCfg = Release|Any CPU
		{93D6C38B-9912-404D-85DD-D7A47A1F6929}.Release|x64.Build.0 = Release|Any CPU
		{93D6C38B-9912-404D-85DD-D7A47A1F6929}.Release|x86.ActiveCfg = Release|Any CPU
		{93D6C38B-9912-404D-85DD-D7A47A1F6929}.Release|x86.Build.0 = Release|Any CPU
	EndGlobalSection
	GlobalSection(SolutionProperties) = preSolution
		HideSolutionNode = FALSE
	EndGlobalSection
	GlobalSection(ExtensibilityGlobals) = postSolution
		SolutionGuid = {E130D4BA-E0D9-4D5E-BF75-F6548C5E94E1}
	EndGlobalSection
EndGlobal
