
Microsoft Visual Studio Solution File, Format Version 12.00
# Visual Studio 15
VisualStudioVersion = 15.0.26730.12
MinimumVisualStudioVersion = 10.0.40219.1
Project("{FAE04EC0-301F-11D3-BF4B-00C04F79EFBC}") = "p01.DayOfWeek", "p01.DayOfWeek\p01.DayOfWeek.csproj", "{87CD9701-BFAE-42B8-BAB3-44F6397CE657}"
EndProject
Project("{FAE04EC0-301F-11D3-BF4B-00C04F79EFBC}") = "p02.RandomizeWords", "p02.RandomizeWords\p02.RandomizeWords.csproj", "{4A329204-2D8C-4BBF-AC38-DFF78A5F8EF8}"
EndProject
Project("{FAE04EC0-301F-11D3-BF4B-00C04F79EFBC}") = "p03.BigFactorial", "p03.BigFactorial\p03.BigFactorial.csproj", "{A61ED571-AA90-4075-BE4A-C138C0C1B9F8}"
EndProject
Project("{FAE04EC0-301F-11D3-BF4B-00C04F79EFBC}") = "p04.DistanceBetweenPoints", "p04.DistanceBetweenPoints\p04.DistanceBetweenPoints.csproj", "{8F25955B-5E13-415A-8347-577A6936F891}"
EndProject
Project("{FAE04EC0-301F-11D3-BF4B-00C04F79EFBC}") = "p05.ClosestTwoPoints", "p05.ClosestTwoPoints\p05.ClosestTwoPoints.csproj", "{FD9DC757-6B4D-4867-AA8D-CB778F6615DC}"
EndProject
Project("{FAE04EC0-301F-11D3-BF4B-00C04F79EFBC}") = "p06.RectanglePosition", "p06.RectanglePosition\p06.RectanglePosition.csproj", "{629212CA-9E97-4900-B3E3-E8200B3F68E6}"
EndProject
Project("{FAE04EC0-301F-11D3-BF4B-00C04F79EFBC}") = "p07.SalesReport", "p07.SalesReport\p07.SalesReport.csproj", "{EE3FC3AB-E1F4-4662-8BFC-31B743969EC4}"
EndProject
Global
	GlobalSection(SolutionConfigurationPlatforms) = preSolution
		Debug|Any CPU = Debug|Any CPU
		Release|Any CPU = Release|Any CPU
	EndGlobalSection
	GlobalSection(ProjectConfigurationPlatforms) = postSolution
		{87CD9701-BFAE-42B8-BAB3-44F6397CE657}.Debug|Any CPU.ActiveCfg = Debug|Any CPU
		{87CD9701-BFAE-42B8-BAB3-44F6397CE657}.Debug|Any CPU.Build.0 = Debug|Any CPU
		{87CD9701-BFAE-42B8-BAB3-44F6397CE657}.Release|Any CPU.ActiveCfg = Release|Any CPU
		{87CD9701-BFAE-42B8-BAB3-44F6397CE657}.Release|Any CPU.Build.0 = Release|Any CPU
		{4A329204-2D8C-4BBF-AC38-DFF78A5F8EF8}.Debug|Any CPU.ActiveCfg = Debug|Any CPU
		{4A329204-2D8C-4BBF-AC38-DFF78A5F8EF8}.Debug|Any CPU.Build.0 = Debug|Any CPU
		{4A329204-2D8C-4BBF-AC38-DFF78A5F8EF8}.Release|Any CPU.ActiveCfg = Release|Any CPU
		{4A329204-2D8C-4BBF-AC38-DFF78A5F8EF8}.Release|Any CPU.Build.0 = Release|Any CPU
		{A61ED571-AA90-4075-BE4A-C138C0C1B9F8}.Debug|Any CPU.ActiveCfg = Debug|Any CPU
		{A61ED571-AA90-4075-BE4A-C138C0C1B9F8}.Debug|Any CPU.Build.0 = Debug|Any CPU
		{A61ED571-AA90-4075-BE4A-C138C0C1B9F8}.Release|Any CPU.ActiveCfg = Release|Any CPU
		{A61ED571-AA90-4075-BE4A-C138C0C1B9F8}.Release|Any CPU.Build.0 = Release|Any CPU
		{8F25955B-5E13-415A-8347-577A6936F891}.Debug|Any CPU.ActiveCfg = Debug|Any CPU
		{8F25955B-5E13-415A-8347-577A6936F891}.Debug|Any CPU.Build.0 = Debug|Any CPU
		{8F25955B-5E13-415A-8347-577A6936F891}.Release|Any CPU.ActiveCfg = Release|Any CPU
		{8F25955B-5E13-415A-8347-577A6936F891}.Release|Any CPU.Build.0 = Release|Any CPU
		{FD9DC757-6B4D-4867-AA8D-CB778F6615DC}.Debug|Any CPU.ActiveCfg = Debug|Any CPU
		{FD9DC757-6B4D-4867-AA8D-CB778F6615DC}.Debug|Any CPU.Build.0 = Debug|Any CPU
		{FD9DC757-6B4D-4867-AA8D-CB778F6615DC}.Release|Any CPU.ActiveCfg = Release|Any CPU
		{FD9DC757-6B4D-4867-AA8D-CB778F6615DC}.Release|Any CPU.Build.0 = Release|Any CPU
		{629212CA-9E97-4900-B3E3-E8200B3F68E6}.Debug|Any CPU.ActiveCfg = Debug|Any CPU
		{629212CA-9E97-4900-B3E3-E8200B3F68E6}.Debug|Any CPU.Build.0 = Debug|Any CPU
		{629212CA-9E97-4900-B3E3-E8200B3F68E6}.Release|Any CPU.ActiveCfg = Release|Any CPU
		{629212CA-9E97-4900-B3E3-E8200B3F68E6}.Release|Any CPU.Build.0 = Release|Any CPU
		{EE3FC3AB-E1F4-4662-8BFC-31B743969EC4}.Debug|Any CPU.ActiveCfg = Debug|Any CPU
		{EE3FC3AB-E1F4-4662-8BFC-31B743969EC4}.Debug|Any CPU.Build.0 = Debug|Any CPU
		{EE3FC3AB-E1F4-4662-8BFC-31B743969EC4}.Release|Any CPU.ActiveCfg = Release|Any CPU
		{EE3FC3AB-E1F4-4662-8BFC-31B743969EC4}.Release|Any CPU.Build.0 = Release|Any CPU
	EndGlobalSection
	GlobalSection(SolutionProperties) = preSolution
		HideSolutionNode = FALSE
	EndGlobalSection
	GlobalSection(ExtensibilityGlobals) = postSolution
		SolutionGuid = {54564579-3D8B-4CA7-B231-9983533396A1}
	EndGlobalSection
EndGlobal
