
Microsoft Visual Studio Solution File, Format Version 12.00
# Visual Studio 15
VisualStudioVersion = 15.0.27130.2027
MinimumVisualStudioVersion = 10.0.40219.1
Project("{FAE04EC0-301F-11D3-BF4B-00C04F79EFBC}") = "01.RawData", "01.RawData\01.RawData.csproj", "{ED152526-9BBB-42DC-ABCC-5E229B5141FF}"
EndProject
Project("{FAE04EC0-301F-11D3-BF4B-00C04F79EFBC}") = "07.FamilyTree", "07.FamilyTree\07.FamilyTree.csproj", "{2075B048-C336-460A-B833-2DF7A20B6422}"
EndProject
Project("{FAE04EC0-301F-11D3-BF4B-00C04F79EFBC}") = "02.CarSalesman", "02.CarSalesman\02.CarSalesman.csproj", "{6B500EA0-76FE-4C1E-8FF5-E00E31EBD2B3}"
EndProject
Project("{FAE04EC0-301F-11D3-BF4B-00C04F79EFBC}") = "03.JediGalaxy", "03.JediGalaxy\03.JediGalaxy.csproj", "{FA130EDC-36B3-43F7-BDC3-310B0F5F75FA}"
EndProject
Project("{FAE04EC0-301F-11D3-BF4B-00C04F79EFBC}") = "04.Hospital", "04.Hospital\04.Hospital.csproj", "{A4461768-BA5F-4218-9BC2-5AC69C4D1AAA}"
EndProject
Project("{FAE04EC0-301F-11D3-BF4B-00C04F79EFBC}") = "05.GreedyTimes", "05.GreedyTimes\05.GreedyTimes.csproj", "{4A4E720C-0458-4D4F-9CAD-E7B00418D1AA}"
EndProject
Project("{FAE04EC0-301F-11D3-BF4B-00C04F79EFBC}") = "06.Sneaking", "06.Sneaking\06.Sneaking.csproj", "{C2B7AC5C-4B12-4CD4-820D-D52A1F1DDA5A}"
EndProject
Global
	GlobalSection(SolutionConfigurationPlatforms) = preSolution
		Debug|Any CPU = Debug|Any CPU
		Release|Any CPU = Release|Any CPU
	EndGlobalSection
	GlobalSection(ProjectConfigurationPlatforms) = postSolution
		{ED152526-9BBB-42DC-ABCC-5E229B5141FF}.Debug|Any CPU.ActiveCfg = Debug|Any CPU
		{ED152526-9BBB-42DC-ABCC-5E229B5141FF}.Debug|Any CPU.Build.0 = Debug|Any CPU
		{ED152526-9BBB-42DC-ABCC-5E229B5141FF}.Release|Any CPU.ActiveCfg = Release|Any CPU
		{ED152526-9BBB-42DC-ABCC-5E229B5141FF}.Release|Any CPU.Build.0 = Release|Any CPU
		{2075B048-C336-460A-B833-2DF7A20B6422}.Debug|Any CPU.ActiveCfg = Debug|Any CPU
		{2075B048-C336-460A-B833-2DF7A20B6422}.Debug|Any CPU.Build.0 = Debug|Any CPU
		{2075B048-C336-460A-B833-2DF7A20B6422}.Release|Any CPU.ActiveCfg = Release|Any CPU
		{2075B048-C336-460A-B833-2DF7A20B6422}.Release|Any CPU.Build.0 = Release|Any CPU
		{6B500EA0-76FE-4C1E-8FF5-E00E31EBD2B3}.Debug|Any CPU.ActiveCfg = Debug|Any CPU
		{6B500EA0-76FE-4C1E-8FF5-E00E31EBD2B3}.Debug|Any CPU.Build.0 = Debug|Any CPU
		{6B500EA0-76FE-4C1E-8FF5-E00E31EBD2B3}.Release|Any CPU.ActiveCfg = Release|Any CPU
		{6B500EA0-76FE-4C1E-8FF5-E00E31EBD2B3}.Release|Any CPU.Build.0 = Release|Any CPU
		{FA130EDC-36B3-43F7-BDC3-310B0F5F75FA}.Debug|Any CPU.ActiveCfg = Debug|Any CPU
		{FA130EDC-36B3-43F7-BDC3-310B0F5F75FA}.Debug|Any CPU.Build.0 = Debug|Any CPU
		{FA130EDC-36B3-43F7-BDC3-310B0F5F75FA}.Release|Any CPU.ActiveCfg = Release|Any CPU
		{FA130EDC-36B3-43F7-BDC3-310B0F5F75FA}.Release|Any CPU.Build.0 = Release|Any CPU
		{A4461768-BA5F-4218-9BC2-5AC69C4D1AAA}.Debug|Any CPU.ActiveCfg = Debug|Any CPU
		{A4461768-BA5F-4218-9BC2-5AC69C4D1AAA}.Debug|Any CPU.Build.0 = Debug|Any CPU
		{A4461768-BA5F-4218-9BC2-5AC69C4D1AAA}.Release|Any CPU.ActiveCfg = Release|Any CPU
		{A4461768-BA5F-4218-9BC2-5AC69C4D1AAA}.Release|Any CPU.Build.0 = Release|Any CPU
		{4A4E720C-0458-4D4F-9CAD-E7B00418D1AA}.Debug|Any CPU.ActiveCfg = Debug|Any CPU
		{4A4E720C-0458-4D4F-9CAD-E7B00418D1AA}.Debug|Any CPU.Build.0 = Debug|Any CPU
		{4A4E720C-0458-4D4F-9CAD-E7B00418D1AA}.Release|Any CPU.ActiveCfg = Release|Any CPU
		{4A4E720C-0458-4D4F-9CAD-E7B00418D1AA}.Release|Any CPU.Build.0 = Release|Any CPU
		{C2B7AC5C-4B12-4CD4-820D-D52A1F1DDA5A}.Debug|Any CPU.ActiveCfg = Debug|Any CPU
		{C2B7AC5C-4B12-4CD4-820D-D52A1F1DDA5A}.Debug|Any CPU.Build.0 = Debug|Any CPU
		{C2B7AC5C-4B12-4CD4-820D-D52A1F1DDA5A}.Release|Any CPU.ActiveCfg = Release|Any CPU
		{C2B7AC5C-4B12-4CD4-820D-D52A1F1DDA5A}.Release|Any CPU.Build.0 = Release|Any CPU
	EndGlobalSection
	GlobalSection(SolutionProperties) = preSolution
		HideSolutionNode = FALSE
	EndGlobalSection
	GlobalSection(ExtensibilityGlobals) = postSolution
		SolutionGuid = {3DA429DD-0589-4C76-A7C2-1390AF08015C}
	EndGlobalSection
EndGlobal
