
Microsoft Visual Studio Solution File, Format Version 12.00
# Visual Studio 15
VisualStudioVersion = 15.0.26730.12
MinimumVisualStudioVersion = 10.0.40219.1
Project("{FAE04EC0-301F-11D3-BF4B-00C04F79EFBC}") = "p01.RotateArrayOfStrings", "p01.RotateArrayOfStrings\p01.RotateArrayOfStrings.csproj", "{16C7A33D-13E4-4716-9AE0-E4C750297DF2}"
EndProject
Project("{FAE04EC0-301F-11D3-BF4B-00C04F79EFBC}") = "p02.OddNumbersAtOddPositions", "p02.OddNumbersAtOddPositions\p02.OddNumbersAtOddPositions.csproj", "{E55D20C3-F133-4D4B-8B98-636F29778F79}"
EndProject
Project("{FAE04EC0-301F-11D3-BF4B-00C04F79EFBC}") = "p03.ArrayContainsElement", "p03.ArrayContainsElement\p03.ArrayContainsElement.csproj", "{49DED6FD-A15B-4590-91D5-FA46EF185A7B}"
EndProject
Project("{FAE04EC0-301F-11D3-BF4B-00C04F79EFBC}") = "p04.SortNumbers", "p04.SortNumbers\p04.SortNumbers.csproj", "{AF856118-2919-41B4-9141-ACA9820771F0}"
EndProject
Project("{FAE04EC0-301F-11D3-BF4B-00C04F79EFBC}") = "p05.LargestNNumbers", "p05.LargestNNumbers\p05.LargestNNumbers.csproj", "{417AE5BA-1ADD-45B2-A134-50A9B45085AE}"
EndProject
Global
	GlobalSection(SolutionConfigurationPlatforms) = preSolution
		Debug|Any CPU = Debug|Any CPU
		Release|Any CPU = Release|Any CPU
	EndGlobalSection
	GlobalSection(ProjectConfigurationPlatforms) = postSolution
		{16C7A33D-13E4-4716-9AE0-E4C750297DF2}.Debug|Any CPU.ActiveCfg = Debug|Any CPU
		{16C7A33D-13E4-4716-9AE0-E4C750297DF2}.Debug|Any CPU.Build.0 = Debug|Any CPU
		{16C7A33D-13E4-4716-9AE0-E4C750297DF2}.Release|Any CPU.ActiveCfg = Release|Any CPU
		{16C7A33D-13E4-4716-9AE0-E4C750297DF2}.Release|Any CPU.Build.0 = Release|Any CPU
		{E55D20C3-F133-4D4B-8B98-636F29778F79}.Debug|Any CPU.ActiveCfg = Debug|Any CPU
		{E55D20C3-F133-4D4B-8B98-636F29778F79}.Debug|Any CPU.Build.0 = Debug|Any CPU
		{E55D20C3-F133-4D4B-8B98-636F29778F79}.Release|Any CPU.ActiveCfg = Release|Any CPU
		{E55D20C3-F133-4D4B-8B98-636F29778F79}.Release|Any CPU.Build.0 = Release|Any CPU
		{49DED6FD-A15B-4590-91D5-FA46EF185A7B}.Debug|Any CPU.ActiveCfg = Debug|Any CPU
		{49DED6FD-A15B-4590-91D5-FA46EF185A7B}.Debug|Any CPU.Build.0 = Debug|Any CPU
		{49DED6FD-A15B-4590-91D5-FA46EF185A7B}.Release|Any CPU.ActiveCfg = Release|Any CPU
		{49DED6FD-A15B-4590-91D5-FA46EF185A7B}.Release|Any CPU.Build.0 = Release|Any CPU
		{AF856118-2919-41B4-9141-ACA9820771F0}.Debug|Any CPU.ActiveCfg = Debug|Any CPU
		{AF856118-2919-41B4-9141-ACA9820771F0}.Debug|Any CPU.Build.0 = Debug|Any CPU
		{AF856118-2919-41B4-9141-ACA9820771F0}.Release|Any CPU.ActiveCfg = Release|Any CPU
		{AF856118-2919-41B4-9141-ACA9820771F0}.Release|Any CPU.Build.0 = Release|Any CPU
		{417AE5BA-1ADD-45B2-A134-50A9B45085AE}.Debug|Any CPU.ActiveCfg = Debug|Any CPU
		{417AE5BA-1ADD-45B2-A134-50A9B45085AE}.Debug|Any CPU.Build.0 = Debug|Any CPU
		{417AE5BA-1ADD-45B2-A134-50A9B45085AE}.Release|Any CPU.ActiveCfg = Release|Any CPU
		{417AE5BA-1ADD-45B2-A134-50A9B45085AE}.Release|Any CPU.Build.0 = Release|Any CPU
	EndGlobalSection
	GlobalSection(SolutionProperties) = preSolution
		HideSolutionNode = FALSE
	EndGlobalSection
	GlobalSection(ExtensibilityGlobals) = postSolution
		SolutionGuid = {5C0234C9-F1F5-49BA-9D12-81C14777026B}
	EndGlobalSection
EndGlobal
