
Microsoft Visual Studio Solution File, Format Version 12.00
# Visual Studio 15
VisualStudioVersion = 15.0.27130.2027
MinimumVisualStudioVersion = 10.0.40219.1
Project("{FAE04EC0-301F-11D3-BF4B-00C04F79EFBC}") = "GrandPrix", "GrandPrix\GrandPrix.csproj", "{15F654A7-A8D1-4F53-A25C-C5D5F66A67A6}"
EndProject
Global
	GlobalSection(SolutionConfigurationPlatforms) = preSolution
		Debug|Any CPU = Debug|Any CPU
		Release|Any CPU = Release|Any CPU
	EndGlobalSection
	GlobalSection(ProjectConfigurationPlatforms) = postSolution
		{15F654A7-A8D1-4F53-A25C-C5D5F66A67A6}.Debug|Any CPU.ActiveCfg = Debug|Any CPU
		{15F654A7-A8D1-4F53-A25C-C5D5F66A67A6}.Debug|Any CPU.Build.0 = Debug|Any CPU
		{15F654A7-A8D1-4F53-A25C-C5D5F66A67A6}.Release|Any CPU.ActiveCfg = Release|Any CPU
		{15F654A7-A8D1-4F53-A25C-C5D5F66A67A6}.Release|Any CPU.Build.0 = Release|Any CPU
	EndGlobalSection
	GlobalSection(SolutionProperties) = preSolution
		HideSolutionNode = FALSE
	EndGlobalSection
	GlobalSection(ExtensibilityGlobals) = postSolution
		SolutionGuid = {2DD7C2E8-4861-4A1A-9893-E6848B10D0AA}
	EndGlobalSection
EndGlobal
