
Microsoft Visual Studio Solution File, Format Version 12.00
# Visual Studio 15
VisualStudioVersion = 15.0.27130.2027
MinimumVisualStudioVersion = 10.0.40219.1
Project("{FAE04EC0-301F-11D3-BF4B-00C04F79EFBC}") = "1. Sort Even Numbers", "1. Sort Even Numbers\1. Sort Even Numbers.csproj", "{718BAD39-7BC6-4BDF-B21A-5DFF55334580}"
EndProject
Project("{FAE04EC0-301F-11D3-BF4B-00C04F79EFBC}") = "2. Sum Numbers", "2. Sum Numbers\2. Sum Numbers.csproj", "{30BAC86C-9D23-4884-A1EF-B676AC7A106F}"
EndProject
Project("{FAE04EC0-301F-11D3-BF4B-00C04F79EFBC}") = "3. Count Uppercase Words", "03. Count Uppercase Words\3. Count Uppercase Words.csproj", "{BB536C62-B23B-441C-8C98-C1A7458F509E}"
EndProject
Project("{FAE04EC0-301F-11D3-BF4B-00C04F79EFBC}") = "4. Add VAT", "4. Add VAT\4. Add VAT.csproj", "{9E4F858D-0643-4B24-B662-7C90DDE33A93}"
EndProject
Project("{FAE04EC0-301F-11D3-BF4B-00C04F79EFBC}") = "5. Filter By Age", "5. Filter By Age\5. Filter By Age.csproj", "{946A64D8-B28B-4EDF-989D-38A8485A2654}"
EndProject
Global
	GlobalSection(SolutionConfigurationPlatforms) = preSolution
		Debug|Any CPU = Debug|Any CPU
		Release|Any CPU = Release|Any CPU
	EndGlobalSection
	GlobalSection(ProjectConfigurationPlatforms) = postSolution
		{718BAD39-7BC6-4BDF-B21A-5DFF55334580}.Debug|Any CPU.ActiveCfg = Debug|Any CPU
		{718BAD39-7BC6-4BDF-B21A-5DFF55334580}.Debug|Any CPU.Build.0 = Debug|Any CPU
		{718BAD39-7BC6-4BDF-B21A-5DFF55334580}.Release|Any CPU.ActiveCfg = Release|Any CPU
		{718BAD39-7BC6-4BDF-B21A-5DFF55334580}.Release|Any CPU.Build.0 = Release|Any CPU
		{30BAC86C-9D23-4884-A1EF-B676AC7A106F}.Debug|Any CPU.ActiveCfg = Debug|Any CPU
		{30BAC86C-9D23-4884-A1EF-B676AC7A106F}.Debug|Any CPU.Build.0 = Debug|Any CPU
		{30BAC86C-9D23-4884-A1EF-B676AC7A106F}.Release|Any CPU.ActiveCfg = Release|Any CPU
		{30BAC86C-9D23-4884-A1EF-B676AC7A106F}.Release|Any CPU.Build.0 = Release|Any CPU
		{BB536C62-B23B-441C-8C98-C1A7458F509E}.Debug|Any CPU.ActiveCfg = Debug|Any CPU
		{BB536C62-B23B-441C-8C98-C1A7458F509E}.Debug|Any CPU.Build.0 = Debug|Any CPU
		{BB536C62-B23B-441C-8C98-C1A7458F509E}.Release|Any CPU.ActiveCfg = Release|Any CPU
		{BB536C62-B23B-441C-8C98-C1A7458F509E}.Release|Any CPU.Build.0 = Release|Any CPU
		{9E4F858D-0643-4B24-B662-7C90DDE33A93}.Debug|Any CPU.ActiveCfg = Debug|Any CPU
		{9E4F858D-0643-4B24-B662-7C90DDE33A93}.Debug|Any CPU.Build.0 = Debug|Any CPU
		{9E4F858D-0643-4B24-B662-7C90DDE33A93}.Release|Any CPU.ActiveCfg = Release|Any CPU
		{9E4F858D-0643-4B24-B662-7C90DDE33A93}.Release|Any CPU.Build.0 = Release|Any CPU
		{946A64D8-B28B-4EDF-989D-38A8485A2654}.Debug|Any CPU.ActiveCfg = Debug|Any CPU
		{946A64D8-B28B-4EDF-989D-38A8485A2654}.Debug|Any CPU.Build.0 = Debug|Any CPU
		{946A64D8-B28B-4EDF-989D-38A8485A2654}.Release|Any CPU.ActiveCfg = Release|Any CPU
		{946A64D8-B28B-4EDF-989D-38A8485A2654}.Release|Any CPU.Build.0 = Release|Any CPU
	EndGlobalSection
	GlobalSection(SolutionProperties) = preSolution
		HideSolutionNode = FALSE
	EndGlobalSection
	GlobalSection(ExtensibilityGlobals) = postSolution
		SolutionGuid = {377375CE-6D05-45BE-B13E-8A8FD1D5E123}
	EndGlobalSection
EndGlobal
