
Microsoft Visual Studio Solution File, Format Version 12.00
# Visual Studio 15
VisualStudioVersion = 15.0.27703.2000
MinimumVisualStudioVersion = 10.0.40219.1
Project("{FAE04EC0-301F-11D3-BF4B-00C04F79EFBC}") = "P03_FootballBetting", "P03_FootballBetting\P03_FootballBetting.csproj", "{97FD7FCD-2CF9-42C9-8661-8DDA3210A204}"
EndProject
Project("{FAE04EC0-301F-11D3-BF4B-00C04F79EFBC}") = "P03_FootballBetting.Data", "P03_FootballBetting.Data\P03_FootballBetting.Data.csproj", "{64D1A2AB-2517-4B13-A380-1831ED65B9E2}"
EndProject
Project("{FAE04EC0-301F-11D3-BF4B-00C04F79EFBC}") = "P03_FootballBetting.Data.Models", "P03_FootballBetting.Data.Models\P03_FootballBetting.Data.Models.csproj", "{CA8FB5A7-D8FF-4997-B069-5CB5953B869F}"
EndProject
Global
	GlobalSection(SolutionConfigurationPlatforms) = preSolution
		Debug|Any CPU = Debug|Any CPU
		Release|Any CPU = Release|Any CPU
	EndGlobalSection
	GlobalSection(ProjectConfigurationPlatforms) = postSolution
		{97FD7FCD-2CF9-42C9-8661-8DDA3210A204}.Debug|Any CPU.ActiveCfg = Debug|Any CPU
		{97FD7FCD-2CF9-42C9-8661-8DDA3210A204}.Debug|Any CPU.Build.0 = Debug|Any CPU
		{97FD7FCD-2CF9-42C9-8661-8DDA3210A204}.Release|Any CPU.ActiveCfg = Release|Any CPU
		{97FD7FCD-2CF9-42C9-8661-8DDA3210A204}.Release|Any CPU.Build.0 = Release|Any CPU
		{64D1A2AB-2517-4B13-A380-1831ED65B9E2}.Debug|Any CPU.ActiveCfg = Debug|Any CPU
		{64D1A2AB-2517-4B13-A380-1831ED65B9E2}.Debug|Any CPU.Build.0 = Debug|Any CPU
		{64D1A2AB-2517-4B13-A380-1831ED65B9E2}.Release|Any CPU.ActiveCfg = Release|Any CPU
		{64D1A2AB-2517-4B13-A380-1831ED65B9E2}.Release|Any CPU.Build.0 = Release|Any CPU
		{CA8FB5A7-D8FF-4997-B069-5CB5953B869F}.Debug|Any CPU.ActiveCfg = Debug|Any CPU
		{CA8FB5A7-D8FF-4997-B069-5CB5953B869F}.Debug|Any CPU.Build.0 = Debug|Any CPU
		{CA8FB5A7-D8FF-4997-B069-5CB5953B869F}.Release|Any CPU.ActiveCfg = Release|Any CPU
		{CA8FB5A7-D8FF-4997-B069-5CB5953B869F}.Release|Any CPU.Build.0 = Release|Any CPU
	EndGlobalSection
	GlobalSection(SolutionProperties) = preSolution
		HideSolutionNode = FALSE
	EndGlobalSection
	GlobalSection(ExtensibilityGlobals) = postSolution
		SolutionGuid = {14BF50E3-BA7D-451A-A801-5C875584728A}
	EndGlobalSection
EndGlobal
