
Microsoft Visual Studio Solution File, Format Version 12.00
# Visual Studio 15
VisualStudioVersion = 15.0.26730.12
MinimumVisualStudioVersion = 10.0.40219.1
Project("{FAE04EC0-301F-11D3-BF4B-00C04F79EFBC}") = "p01.ReverseString", "p01.ReverseString\p01.ReverseString.csproj", "{093AFD2C-FEEF-4EFE-AF05-4B98C81786E5}"
EndProject
Project("{FAE04EC0-301F-11D3-BF4B-00C04F79EFBC}") = "p02.SimpleCalculator", "p02.SimpleCalculator\p02.SimpleCalculator.csproj", "{58B496DB-9336-4261-B56D-C982DF718563}"
EndProject
Project("{FAE04EC0-301F-11D3-BF4B-00C04F79EFBC}") = "p03.DecimalToBinaryConverter", "p03.DecimalToBinaryConverter\p03.DecimalToBinaryConverter.csproj", "{8C2B56AF-697C-4B77-BE22-9E425C50E8F5}"
EndProject
Project("{FAE04EC0-301F-11D3-BF4B-00C04F79EFBC}") = "p04.MatchingBrackets", "p04.MatchingBrackets\p04.MatchingBrackets.csproj", "{C62491AA-7A8E-42E6-B127-14F47CBE8099}"
EndProject
Project("{FAE04EC0-301F-11D3-BF4B-00C04F79EFBC}") = "p05.HotPotato", "p05.HotPotato\p05.HotPotato.csproj", "{91F2AF77-5D34-4408-91AA-7173C62F0602}"
EndProject
Project("{FAE04EC0-301F-11D3-BF4B-00C04F79EFBC}") = "p06.MathPotato", "p06.MathPotato\p06.MathPotato.csproj", "{A38B06A6-82DD-4488-B9E7-CA83B216190B}"
EndProject
Project("{FAE04EC0-301F-11D3-BF4B-00C04F79EFBC}") = "p06.TrafficJam", "p06.TrafficJam\p06.TrafficJam.csproj", "{37D86A0D-AF2D-4F96-B669-437CCE06F732}"
EndProject
Global
	GlobalSection(SolutionConfigurationPlatforms) = preSolution
		Debug|Any CPU = Debug|Any CPU
		Release|Any CPU = Release|Any CPU
	EndGlobalSection
	GlobalSection(ProjectConfigurationPlatforms) = postSolution
		{093AFD2C-FEEF-4EFE-AF05-4B98C81786E5}.Debug|Any CPU.ActiveCfg = Debug|Any CPU
		{093AFD2C-FEEF-4EFE-AF05-4B98C81786E5}.Debug|Any CPU.Build.0 = Debug|Any CPU
		{093AFD2C-FEEF-4EFE-AF05-4B98C81786E5}.Release|Any CPU.ActiveCfg = Release|Any CPU
		{093AFD2C-FEEF-4EFE-AF05-4B98C81786E5}.Release|Any CPU.Build.0 = Release|Any CPU
		{58B496DB-9336-4261-B56D-C982DF718563}.Debug|Any CPU.ActiveCfg = Debug|Any CPU
		{58B496DB-9336-4261-B56D-C982DF718563}.Debug|Any CPU.Build.0 = Debug|Any CPU
		{58B496DB-9336-4261-B56D-C982DF718563}.Release|Any CPU.ActiveCfg = Release|Any CPU
		{58B496DB-9336-4261-B56D-C982DF718563}.Release|Any CPU.Build.0 = Release|Any CPU
		{8C2B56AF-697C-4B77-BE22-9E425C50E8F5}.Debug|Any CPU.ActiveCfg = Debug|Any CPU
		{8C2B56AF-697C-4B77-BE22-9E425C50E8F5}.Debug|Any CPU.Build.0 = Debug|Any CPU
		{8C2B56AF-697C-4B77-BE22-9E425C50E8F5}.Release|Any CPU.ActiveCfg = Release|Any CPU
		{8C2B56AF-697C-4B77-BE22-9E425C50E8F5}.Release|Any CPU.Build.0 = Release|Any CPU
		{C62491AA-7A8E-42E6-B127-14F47CBE8099}.Debug|Any CPU.ActiveCfg = Debug|Any CPU
		{C62491AA-7A8E-42E6-B127-14F47CBE8099}.Debug|Any CPU.Build.0 = Debug|Any CPU
		{C62491AA-7A8E-42E6-B127-14F47CBE8099}.Release|Any CPU.ActiveCfg = Release|Any CPU
		{C62491AA-7A8E-42E6-B127-14F47CBE8099}.Release|Any CPU.Build.0 = Release|Any CPU
		{91F2AF77-5D34-4408-91AA-7173C62F0602}.Debug|Any CPU.ActiveCfg = Debug|Any CPU
		{91F2AF77-5D34-4408-91AA-7173C62F0602}.Debug|Any CPU.Build.0 = Debug|Any CPU
		{91F2AF77-5D34-4408-91AA-7173C62F0602}.Release|Any CPU.ActiveCfg = Release|Any CPU
		{91F2AF77-5D34-4408-91AA-7173C62F0602}.Release|Any CPU.Build.0 = Release|Any CPU
		{A38B06A6-82DD-4488-B9E7-CA83B216190B}.Debug|Any CPU.ActiveCfg = Debug|Any CPU
		{A38B06A6-82DD-4488-B9E7-CA83B216190B}.Debug|Any CPU.Build.0 = Debug|Any CPU
		{A38B06A6-82DD-4488-B9E7-CA83B216190B}.Release|Any CPU.ActiveCfg = Release|Any CPU
		{A38B06A6-82DD-4488-B9E7-CA83B216190B}.Release|Any CPU.Build.0 = Release|Any CPU
		{37D86A0D-AF2D-4F96-B669-437CCE06F732}.Debug|Any CPU.ActiveCfg = Debug|Any CPU
		{37D86A0D-AF2D-4F96-B669-437CCE06F732}.Debug|Any CPU.Build.0 = Debug|Any CPU
		{37D86A0D-AF2D-4F96-B669-437CCE06F732}.Release|Any CPU.ActiveCfg = Release|Any CPU
		{37D86A0D-AF2D-4F96-B669-437CCE06F732}.Release|Any CPU.Build.0 = Release|Any CPU
	EndGlobalSection
	GlobalSection(SolutionProperties) = preSolution
		HideSolutionNode = FALSE
	EndGlobalSection
	GlobalSection(ExtensibilityGlobals) = postSolution
		SolutionGuid = {89836B48-0D94-4735-A1D7-6094E722891E}
	EndGlobalSection
EndGlobal
