
Microsoft Visual Studio Solution File, Format Version 12.00
# Visual Studio 15
VisualStudioVersion = 15.0.27130.2027
MinimumVisualStudioVersion = 10.0.40219.1
Project("{FAE04EC0-301F-11D3-BF4B-00C04F79EFBC}") = "Forum.App", "Forum.App\Forum.App.csproj", "{CF000872-D15B-4446-8063-8ABF5BD217F6}"
EndProject
Project("{FAE04EC0-301F-11D3-BF4B-00C04F79EFBC}") = "Forum.Data", "Forum.Data\Forum.Data.csproj", "{BE90C0E7-48A1-4824-AA8A-CF520C2E8C9F}"
EndProject
Project("{FAE04EC0-301F-11D3-BF4B-00C04F79EFBC}") = "Forum.Models", "Forum.Models\Forum.Models.csproj", "{D32DBAEF-BEA7-4A82-8D59-A000F32204B1}"
EndProject
Global
	GlobalSection(SolutionConfigurationPlatforms) = preSolution
		Debug|Any CPU = Debug|Any CPU
		Release|Any CPU = Release|Any CPU
	EndGlobalSection
	GlobalSection(ProjectConfigurationPlatforms) = postSolution
		{CF000872-D15B-4446-8063-8ABF5BD217F6}.Debug|Any CPU.ActiveCfg = Debug|Any CPU
		{CF000872-D15B-4446-8063-8ABF5BD217F6}.Debug|Any CPU.Build.0 = Debug|Any CPU
		{CF000872-D15B-4446-8063-8ABF5BD217F6}.Release|Any CPU.ActiveCfg = Release|Any CPU
		{CF000872-D15B-4446-8063-8ABF5BD217F6}.Release|Any CPU.Build.0 = Release|Any CPU
		{BE90C0E7-48A1-4824-AA8A-CF520C2E8C9F}.Debug|Any CPU.ActiveCfg = Debug|Any CPU
		{BE90C0E7-48A1-4824-AA8A-CF520C2E8C9F}.Debug|Any CPU.Build.0 = Debug|Any CPU
		{BE90C0E7-48A1-4824-AA8A-CF520C2E8C9F}.Release|Any CPU.ActiveCfg = Release|Any CPU
		{BE90C0E7-48A1-4824-AA8A-CF520C2E8C9F}.Release|Any CPU.Build.0 = Release|Any CPU
		{D32DBAEF-BEA7-4A82-8D59-A000F32204B1}.Debug|Any CPU.ActiveCfg = Debug|Any CPU
		{D32DBAEF-BEA7-4A82-8D59-A000F32204B1}.Debug|Any CPU.Build.0 = Debug|Any CPU
		{D32DBAEF-BEA7-4A82-8D59-A000F32204B1}.Release|Any CPU.ActiveCfg = Release|Any CPU
		{D32DBAEF-BEA7-4A82-8D59-A000F32204B1}.Release|Any CPU.Build.0 = Release|Any CPU
	EndGlobalSection
	GlobalSection(SolutionProperties) = preSolution
		HideSolutionNode = FALSE
	EndGlobalSection
	GlobalSection(ExtensibilityGlobals) = postSolution
		SolutionGuid = {A4400905-8BCD-4AB3-BB8A-77E7BBCB3479}
	EndGlobalSection
EndGlobal
