
Microsoft Visual Studio Solution File, Format Version 12.00
# Visual Studio 15
VisualStudioVersion = 15.0.27130.2027
MinimumVisualStudioVersion = 10.0.40219.1
Project("{FAE04EC0-301F-11D3-BF4B-00C04F79EFBC}") = "P01.Database", "P01.Database\P01.Database.csproj", "{DF330246-3EEF-420C-8BDC-8CA28F4F228A}"
EndProject
Project("{FAE04EC0-301F-11D3-BF4B-00C04F79EFBC}") = "P01.DatabaseTests", "UnitTests\P01.DatabaseTests.csproj", "{99E9E3F8-9271-42D8-91FE-AD8A867EC562}"
EndProject
Project("{FAE04EC0-301F-11D3-BF4B-00C04F79EFBC}") = "P02.ExtendedDatabase", "P02.ExtendedDatabase\P02.ExtendedDatabase.csproj", "{C743C755-1CCE-4F3B-B413-AFA1A115B40A}"
EndProject
Project("{FAE04EC0-301F-11D3-BF4B-00C04F79EFBC}") = "P02.ExtendedDatabaseTests", "P02.ExtendedDatabaseTests\P02.ExtendedDatabaseTests.csproj", "{A17D56C5-385D-4EE5-A69C-81762ECFCC3A}"
EndProject
Global
	GlobalSection(SolutionConfigurationPlatforms) = preSolution
		Debug|Any CPU = Debug|Any CPU
		Release|Any CPU = Release|Any CPU
	EndGlobalSection
	GlobalSection(ProjectConfigurationPlatforms) = postSolution
		{DF330246-3EEF-420C-8BDC-8CA28F4F228A}.Debug|Any CPU.ActiveCfg = Debug|Any CPU
		{DF330246-3EEF-420C-8BDC-8CA28F4F228A}.Debug|Any CPU.Build.0 = Debug|Any CPU
		{DF330246-3EEF-420C-8BDC-8CA28F4F228A}.Release|Any CPU.ActiveCfg = Release|Any CPU
		{DF330246-3EEF-420C-8BDC-8CA28F4F228A}.Release|Any CPU.Build.0 = Release|Any CPU
		{99E9E3F8-9271-42D8-91FE-AD8A867EC562}.Debug|Any CPU.ActiveCfg = Debug|Any CPU
		{99E9E3F8-9271-42D8-91FE-AD8A867EC562}.Debug|Any CPU.Build.0 = Debug|Any CPU
		{99E9E3F8-9271-42D8-91FE-AD8A867EC562}.Release|Any CPU.ActiveCfg = Release|Any CPU
		{99E9E3F8-9271-42D8-91FE-AD8A867EC562}.Release|Any CPU.Build.0 = Release|Any CPU
		{C743C755-1CCE-4F3B-B413-AFA1A115B40A}.Debug|Any CPU.ActiveCfg = Debug|Any CPU
		{C743C755-1CCE-4F3B-B413-AFA1A115B40A}.Debug|Any CPU.Build.0 = Debug|Any CPU
		{C743C755-1CCE-4F3B-B413-AFA1A115B40A}.Release|Any CPU.ActiveCfg = Release|Any CPU
		{C743C755-1CCE-4F3B-B413-AFA1A115B40A}.Release|Any CPU.Build.0 = Release|Any CPU
		{A17D56C5-385D-4EE5-A69C-81762ECFCC3A}.Debug|Any CPU.ActiveCfg = Debug|Any CPU
		{A17D56C5-385D-4EE5-A69C-81762ECFCC3A}.Debug|Any CPU.Build.0 = Debug|Any CPU
		{A17D56C5-385D-4EE5-A69C-81762ECFCC3A}.Release|Any CPU.ActiveCfg = Release|Any CPU
		{A17D56C5-385D-4EE5-A69C-81762ECFCC3A}.Release|Any CPU.Build.0 = Release|Any CPU
	EndGlobalSection
	GlobalSection(SolutionProperties) = preSolution
		HideSolutionNode = FALSE
	EndGlobalSection
	GlobalSection(ExtensibilityGlobals) = postSolution
		SolutionGuid = {98EB33A4-6ADC-4669-8421-96D04082BA0B}
	EndGlobalSection
EndGlobal
