
Microsoft Visual Studio Solution File, Format Version 12.00
# Visual Studio 15
VisualStudioVersion = 15.0.27703.2000
MinimumVisualStudioVersion = 10.0.40219.1
Project("{FAE04EC0-301F-11D3-BF4B-00C04F79EFBC}") = "ProductShop.App", "ProductShop.App\ProductShop.App.csproj", "{96D61098-D9D0-49D2-9212-D69570EBBB37}"
EndProject
Project("{FAE04EC0-301F-11D3-BF4B-00C04F79EFBC}") = "ProductShop.Data", "ProductShop.Data\ProductShop.Data.csproj", "{BBA8D6AD-28C3-4F77-9755-304F797AF3EE}"
EndProject
Project("{FAE04EC0-301F-11D3-BF4B-00C04F79EFBC}") = "ProductShop.Models", "ProductShop.Models\ProductShop.Models.csproj", "{089C7F4C-411C-4CEB-9132-7206BCE2BD5F}"
EndProject
Project("{FAE04EC0-301F-11D3-BF4B-00C04F79EFBC}") = "Query 4. Users and Products", "Query 4. Users and Products\Query 4. Users and Products.csproj", "{36E655ED-146E-480A-B5C1-FC2E44F4E897}"
EndProject
Global
	GlobalSection(SolutionConfigurationPlatforms) = preSolution
		Debug|Any CPU = Debug|Any CPU
		Release|Any CPU = Release|Any CPU
	EndGlobalSection
	GlobalSection(ProjectConfigurationPlatforms) = postSolution
		{96D61098-D9D0-49D2-9212-D69570EBBB37}.Debug|Any CPU.ActiveCfg = Debug|Any CPU
		{96D61098-D9D0-49D2-9212-D69570EBBB37}.Debug|Any CPU.Build.0 = Debug|Any CPU
		{96D61098-D9D0-49D2-9212-D69570EBBB37}.Release|Any CPU.ActiveCfg = Release|Any CPU
		{96D61098-D9D0-49D2-9212-D69570EBBB37}.Release|Any CPU.Build.0 = Release|Any CPU
		{BBA8D6AD-28C3-4F77-9755-304F797AF3EE}.Debug|Any CPU.ActiveCfg = Debug|Any CPU
		{BBA8D6AD-28C3-4F77-9755-304F797AF3EE}.Debug|Any CPU.Build.0 = Debug|Any CPU
		{BBA8D6AD-28C3-4F77-9755-304F797AF3EE}.Release|Any CPU.ActiveCfg = Release|Any CPU
		{BBA8D6AD-28C3-4F77-9755-304F797AF3EE}.Release|Any CPU.Build.0 = Release|Any CPU
		{089C7F4C-411C-4CEB-9132-7206BCE2BD5F}.Debug|Any CPU.ActiveCfg = Debug|Any CPU
		{089C7F4C-411C-4CEB-9132-7206BCE2BD5F}.Debug|Any CPU.Build.0 = Debug|Any CPU
		{089C7F4C-411C-4CEB-9132-7206BCE2BD5F}.Release|Any CPU.ActiveCfg = Release|Any CPU
		{089C7F4C-411C-4CEB-9132-7206BCE2BD5F}.Release|Any CPU.Build.0 = Release|Any CPU
		{36E655ED-146E-480A-B5C1-FC2E44F4E897}.Debug|Any CPU.ActiveCfg = Debug|Any CPU
		{36E655ED-146E-480A-B5C1-FC2E44F4E897}.Debug|Any CPU.Build.0 = Debug|Any CPU
		{36E655ED-146E-480A-B5C1-FC2E44F4E897}.Release|Any CPU.ActiveCfg = Release|Any CPU
		{36E655ED-146E-480A-B5C1-FC2E44F4E897}.Release|Any CPU.Build.0 = Release|Any CPU
	EndGlobalSection
	GlobalSection(SolutionProperties) = preSolution
		HideSolutionNode = FALSE
	EndGlobalSection
	GlobalSection(ExtensibilityGlobals) = postSolution
		SolutionGuid = {E1A81466-5D6A-4791-AAD9-2E2D486275D1}
	EndGlobalSection
EndGlobal
